
Microsoft Visual Studio Solution File, Format Version 12.00
# Visual Studio Version 17
VisualStudioVersion = 17.3.32929.385
MinimumVisualStudioVersion = 10.0.40219.1
Project("{888888A0-9F3D-457C-B088-3A5042F75D52}") = "JSitesMastery5G", "JSitesMastery5G\JSitesMastery5G.pyproj", "{61D1084D-9660-4132-BED6-B5B7D8D833F6}"
EndProject
Global
	GlobalSection(SolutionConfigurationPlatforms) = preSolution
		Debug|Any CPU = Debug|Any CPU
		Release|Any CPU = Release|Any CPU
	EndGlobalSection
	GlobalSection(ProjectConfigurationPlatforms) = postSolution
		{61D1084D-9660-4132-BED6-B5B7D8D833F6}.Debug|Any CPU.ActiveCfg = Debug|Any CPU
		{61D1084D-9660-4132-BED6-B5B7D8D833F6}.Release|Any CPU.ActiveCfg = Release|Any CPU
	EndGlobalSection
	GlobalSection(SolutionProperties) = preSolution
		HideSolutionNode = FALSE
	EndGlobalSection
	GlobalSection(ExtensibilityGlobals) = postSolution
		SolutionGuid = {5D0002C3-0A82-4604-882C-C9AD698EEE96}
	EndGlobalSection
EndGlobal
